// !$*UTF8*$!
{
	archiveVersion = 1;
	classes = {
	};
	objectVersion = 46;
	objects = {

/* Begin PBXBuildFile section */
		0A3DC71C16AC570400EC847D /* AppDefaults.m in Sources */ = {isa = PBXBuildFile; fileRef = 0A3DC71B16AC570400EC847D /* AppDefaults.m */; };
		0A615CBC1688CAEA006B0C94 /* Cocoa.framework in Frameworks */ = {isa = PBXBuildFile; fileRef = 0A615CBB1688CAEA006B0C94 /* Cocoa.framework */; };
		0A615CC61688CAEA006B0C94 /* InfoPlist.strings in Resources */ = {isa = PBXBuildFile; fileRef = 0A615CC41688CAEA006B0C94 /* InfoPlist.strings */; };
		0A615CC81688CAEA006B0C94 /* main.m in Sources */ = {isa = PBXBuildFile; fileRef = 0A615CC71688CAEA006B0C94 /* main.m */; };
		0A615CCC1688CAEA006B0C94 /* Credits.rtf in Resources */ = {isa = PBXBuildFile; fileRef = 0A615CCA1688CAEA006B0C94 /* Credits.rtf */; };
		0A615CCF1688CAEA006B0C94 /* AppDelegate.m in Sources */ = {isa = PBXBuildFile; fileRef = 0A615CCE1688CAEA006B0C94 /* AppDelegate.m */; };
		0A615CD21688CAEA006B0C94 /* MainMenu.xib in Resources */ = {isa = PBXBuildFile; fileRef = 0A615CD01688CAEA006B0C94 /* MainMenu.xib */; };
/* End PBXBuildFile section */

/* Begin PBXFileReference section */
		0A3DC71A16AC570400EC847D /* AppDefaults.h */ = {isa = PBXFileReference; fileEncoding = 4; lastKnownFileType = sourcecode.c.h; path = AppDefaults.h; sourceTree = "<group>"; };
		0A3DC71B16AC570400EC847D /* AppDefaults.m */ = {isa = PBXFileReference; fileEncoding = 4; lastKnownFileType = sourcecode.c.objc; path = AppDefaults.m; sourceTree = "<group>"; };
		0A615CB71688CAEA006B0C94 /* iDNA.app */ = {isa = PBXFileReference; explicitFileType = wrapper.application; includeInIndex = 0; path = iDNA.app; sourceTree = BUILT_PRODUCTS_DIR; };
		0A615CBB1688CAEA006B0C94 /* Cocoa.framework */ = {isa = PBXFileReference; lastKnownFileType = wrapper.framework; name = Cocoa.framework; path = System/Library/Frameworks/Cocoa.framework; sourceTree = SDKROOT; };
		0A615CBE1688CAEA006B0C94 /* AppKit.framework */ = {isa = PBXFileReference; lastKnownFileType = wrapper.framework; name = AppKit.framework; path = System/Library/Frameworks/AppKit.framework; sourceTree = SDKROOT; };
		0A615CBF1688CAEA006B0C94 /* CoreData.framework */ = {isa = PBXFileReference; lastKnownFileType = wrapper.framework; name = CoreData.framework; path = System/Library/Frameworks/CoreData.framework; sourceTree = SDKROOT; };
		0A615CC01688CAEA006B0C94 /* Foundation.framework */ = {isa = PBXFileReference; lastKnownFileType = wrapper.framework; name = Foundation.framework; path = System/Library/Frameworks/Foundation.framework; sourceTree = SDKROOT; };
		0A615CC31688CAEA006B0C94 /* iDNA-Info.plist */ = {isa = PBXFileReference; lastKnownFileType = text.plist.xml; path = "iDNA-Info.plist"; sourceTree = "<group>"; };
		0A615CC51688CAEA006B0C94 /* en */ = {isa = PBXFileReference; lastKnownFileType = text.plist.strings; name = en; path = en.lproj/InfoPlist.strings; sourceTree = "<group>"; };
		0A615CC71688CAEA006B0C94 /* main.m */ = {isa = PBXFileReference; lastKnownFileType = sourcecode.c.objc; path = main.m; sourceTree = "<group>"; };
		0A615CC91688CAEA006B0C94 /* iDNA-Prefix.pch */ = {isa = PBXFileReference; lastKnownFileType = sourcecode.c.h; path = "iDNA-Prefix.pch"; sourceTree = "<group>"; };
		0A615CCB1688CAEA006B0C94 /* en */ = {isa = PBXFileReference; lastKnownFileType = text.rtf; name = en; path = en.lproj/Credits.rtf; sourceTree = "<group>"; };
		0A615CCD1688CAEA006B0C94 /* AppDelegate.h */ = {isa = PBXFileReference; lastKnownFileType = sourcecode.c.h; path = AppDelegate.h; sourceTree = "<group>"; };
		0A615CCE1688CAEA006B0C94 /* AppDelegate.m */ = {isa = PBXFileReference; lastKnownFileType = sourcecode.c.objc; path = AppDelegate.m; sourceTree = "<group>"; };
		0A615CD11688CAEA006B0C94 /* en */ = {isa = PBXFileReference; lastKnownFileType = file.xib; name = en; path = en.lproj/MainMenu.xib; sourceTree = "<group>"; };
/* End PBXFileReference section */

/* Begin PBXFrameworksBuildPhase section */
		0A615CB41688CAEA006B0C94 /* Frameworks */ = {
			isa = PBXFrameworksBuildPhase;
			buildActionMask = 2147483647;
			files = (
				0A615CBC1688CAEA006B0C94 /* Cocoa.framework in Frameworks */,
			);
			runOnlyForDeploymentPostprocessing = 0;
		};
/* End PBXFrameworksBuildPhase section */

/* Begin PBXGroup section */
		0A615CAC1688CAEA006B0C94 = {
			isa = PBXGroup;
			children = (
				0A615CC11688CAEA006B0C94 /* iDNA */,
				0A615CBA1688CAEA006B0C94 /* Frameworks */,
				0A615CB81688CAEA006B0C94 /* Products */,
			);
			sourceTree = "<group>";
		};
		0A615CB81688CAEA006B0C94 /* Products */ = {
			isa = PBXGroup;
			children = (
				0A615CB71688CAEA006B0C94 /* iDNA.app */,
			);
			name = Products;
			sourceTree = "<group>";
		};
		0A615CBA1688CAEA006B0C94 /* Frameworks */ = {
			isa = PBXGroup;
			children = (
				0A615CBB1688CAEA006B0C94 /* Cocoa.framework */,
				0A615CBD1688CAEA006B0C94 /* Other Frameworks */,
			);
			name = Frameworks;
			sourceTree = "<group>";
		};
		0A615CBD1688CAEA006B0C94 /* Other Frameworks */ = {
			isa = PBXGroup;
			children = (
				0A615CBE1688CAEA006B0C94 /* AppKit.framework */,
				0A615CBF1688CAEA006B0C94 /* CoreData.framework */,
				0A615CC01688CAEA006B0C94 /* Foundation.framework */,
			);
			name = "Other Frameworks";
			sourceTree = "<group>";
		};
		0A615CC11688CAEA006B0C94 /* iDNA */ = {
			isa = PBXGroup;
			children = (
				0A615CCD1688CAEA006B0C94 /* AppDelegate.h */,
				0A615CCE1688CAEA006B0C94 /* AppDelegate.m */,
				0A615CD01688CAEA006B0C94 /* MainMenu.xib */,
				0A3DC71A16AC570400EC847D /* AppDefaults.h */,
				0A3DC71B16AC570400EC847D /* AppDefaults.m */,
				0A615CC21688CAEA006B0C94 /* Supporting Files */,
			);
			path = iDNA;
			sourceTree = "<group>";
		};
		0A615CC21688CAEA006B0C94 /* Supporting Files */ = {
			isa = PBXGroup;
			children = (
				0A615CC31688CAEA006B0C94 /* iDNA-Info.plist */,
				0A615CC41688CAEA006B0C94 /* InfoPlist.strings */,
				0A615CC71688CAEA006B0C94 /* main.m */,
				0A615CC91688CAEA006B0C94 /* iDNA-Prefix.pch */,
				0A615CCA1688CAEA006B0C94 /* Credits.rtf */,
			);
			name = "Supporting Files";
			sourceTree = "<group>";
		};
/* End PBXGroup section */

/* Begin PBXNativeTarget section */
		0A615CB61688CAEA006B0C94 /* iDNA */ = {
			isa = PBXNativeTarget;
			buildConfigurationList = 0A615CD81688CAEA006B0C94 /* Build configuration list for PBXNativeTarget "iDNA" */;
			buildPhases = (
				0A615CB31688CAEA006B0C94 /* Sources */,
				0A615CB41688CAEA006B0C94 /* Frameworks */,
				0A615CB51688CAEA006B0C94 /* Resources */,
			);
			buildRules = (
			);
			dependencies = (
			);
			name = iDNA;
			productName = iDNA;
			productReference = 0A615CB71688CAEA006B0C94 /* iDNA.app */;
			productType = "com.apple.product-type.application";
		};
/* End PBXNativeTarget section */

/* Begin PBXProject section */
		0A615CAE1688CAEA006B0C94 /* Project object */ = {
			isa = PBXProject;
			attributes = {
				LastUpgradeCheck = 0450;
				ORGANIZATIONNAME = "Dmitry Davidov";
			};
			buildConfigurationList = 0A615CB11688CAEA006B0C94 /* Build configuration list for PBXProject "iDNA" */;
			compatibilityVersion = "Xcode 3.2";
			developmentRegion = English;
			hasScannedForEncodings = 0;
			knownRegions = (
				en,
			);
			mainGroup = 0A615CAC1688CAEA006B0C94;
			productRefGroup = 0A615CB81688CAEA006B0C94 /* Products */;
			projectDirPath = "";
			projectRoot = "";
			targets = (
				0A615CB61688CAEA006B0C94 /* iDNA */,
			);
		};
/* End PBXProject section */

/* Begin PBXResourcesBuildPhase section */
		0A615CB51688CAEA006B0C94 /* Resources */ = {
			isa = PBXResourcesBuildPhase;
			buildActionMask = 2147483647;
			files = (
				0A615CC61688CAEA006B0C94 /* InfoPlist.strings in Resources */,
				0A615CCC1688CAEA006B0C94 /* Credits.rtf in Resources */,
				0A615CD21688CAEA006B0C94 /* MainMenu.xib in Resources */,
			);
			runOnlyForDeploymentPostprocessing = 0;
		};
/* End PBXResourcesBuildPhase section */

/* Begin PBXSourcesBuildPhase section */
		0A615CB31688CAEA006B0C94 /* Sources */ = {
			isa = PBXSourcesBuildPhase;
			buildActionMask = 2147483647;
			files = (
				0A615CC81688CAEA006B0C94 /* main.m in Sources */,
				0A615CCF1688CAEA006B0C94 /* AppDelegate.m in Sources */,
				0A3DC71C16AC570400EC847D /* AppDefaults.m in Sources */,
			);
			runOnlyForDeploymentPostprocessing = 0;
		};
/* End PBXSourcesBuildPhase section */

/* Begin PBXVariantGroup section */
		0A615CC41688CAEA006B0C94 /* InfoPlist.strings */ = {
			isa = PBXVariantGroup;
			children = (
				0A615CC51688CAEA006B0C94 /* en */,
			);
			name = InfoPlist.strings;
			sourceTree = "<group>";
		};
		0A615CCA1688CAEA006B0C94 /* Credits.rtf */ = {
			isa = PBXVariantGroup;
			children = (
				0A615CCB1688CAEA006B0C94 /* en */,
			);
			name = Credits.rtf;
			sourceTree = "<group>";
		};
		0A615CD01688CAEA006B0C94 /* MainMenu.xib */ = {
			isa = PBXVariantGroup;
			children = (
				0A615CD11688CAEA006B0C94 /* en */,
			);
			name = MainMenu.xib;
			sourceTree = "<group>";
		};
/* End PBXVariantGroup section */

/* Begin XCBuildConfiguration section */
		0A615CD61688CAEA006B0C94 /* Debug */ = {
			isa = XCBuildConfiguration;
			buildSettings = {
				ALWAYS_SEARCH_USER_PATHS = NO;
				ARCHS = "$(ARCHS_STANDARD_64_BIT)";
				CLANG_CXX_LANGUAGE_STANDARD = "gnu++0x";
				CLANG_CXX_LIBRARY = "libc++";
				CLANG_ENABLE_OBJC_ARC = YES;
				CLANG_WARN_EMPTY_BODY = YES;
				CLANG_WARN__DUPLICATE_METHOD_MATCH = YES;
				COPY_PHASE_STRIP = NO;
				GCC_C_LANGUAGE_STANDARD = gnu99;
				GCC_DYNAMIC_NO_PIC = NO;
				GCC_ENABLE_OBJC_EXCEPTIONS = YES;
				GCC_OPTIMIZATION_LEVEL = 0;
				GCC_PREPROCESSOR_DEFINITIONS = (
					"DEBUG=1",
					"$(inherited)",
				);
				GCC_SYMBOLS_PRIVATE_EXTERN = NO;
				GCC_WARN_64_TO_32_BIT_CONVERSION = YES;
				GCC_WARN_ABOUT_RETURN_TYPE = YES;
				GCC_WARN_UNINITIALIZED_AUTOS = YES;
				GCC_WARN_UNUSED_VARIABLE = YES;
				MACOSX_DEPLOYMENT_TARGET = 10.8;
				ONLY_ACTIVE_ARCH = YES;
				SDKROOT = macosx;
			};
			name = Debug;
		};
		0A615CD71688CAEA006B0C94 /* Release */ = {
			isa = XCBuildConfiguration;
			buildSettings = {
				ALWAYS_SEARCH_USER_PATHS = NO;
				ARCHS = "$(ARCHS_STANDARD_64_BIT)";
				CLANG_CXX_LANGUAGE_STANDARD = "gnu++0x";
				CLANG_CXX_LIBRARY = "libc++";
				CLANG_ENABLE_OBJC_ARC = YES;
				CLANG_WARN_EMPTY_BODY = YES;
				CLANG_WARN__DUPLICATE_METHOD_MATCH = YES;
				COPY_PHASE_STRIP = YES;
				DEBUG_INFORMATION_FORMAT = "dwarf-with-dsym";
				GCC_C_LANGUAGE_STANDARD = gnu99;
				GCC_ENABLE_OBJC_EXCEPTIONS = YES;
				GCC_WARN_64_TO_32_BIT_CONVERSION = YES;
				GCC_WARN_ABOUT_RETURN_TYPE = YES;
				GCC_WARN_UNINITIALIZED_AUTOS = YES;
				GCC_WARN_UNUSED_VARIABLE = YES;
				MACOSX_DEPLOYMENT_TARGET = 10.8;
				SDKROOT = macosx;
			};
			name = Release;
		};
		0A615CD91688CAEA006B0C94 /* Debug */ = {
			isa = XCBuildConfiguration;
			buildSettings = {
				COMBINE_HIDPI_IMAGES = YES;
				GCC_PRECOMPILE_PREFIX_HEADER = YES;
				GCC_PREFIX_HEADER = "iDNA/iDNA-Prefix.pch";
				INFOPLIST_FILE = "iDNA/iDNA-Info.plist";
				PRODUCT_NAME = "$(TARGET_NAME)";
				WRAPPER_EXTENSION = app;
			};
			name = Debug;
		};
		0A615CDA1688CAEA006B0C94 /* Release */ = {
			isa = XCBuildConfiguration;
			buildSettings = {
				COMBINE_HIDPI_IMAGES = YES;
				GCC_PRECOMPILE_PREFIX_HEADER = YES;
				GCC_PREFIX_HEADER = "iDNA/iDNA-Prefix.pch";
				INFOPLIST_FILE = "iDNA/iDNA-Info.plist";
				PRODUCT_NAME = "$(TARGET_NAME)";
				WRAPPER_EXTENSION = app;
			};
			name = Release;
		};
/* End XCBuildConfiguration section */

/* Begin XCConfigurationList section */
		0A615CB11688CAEA006B0C94 /* Build configuration list for PBXProject "iDNA" */ = {
			isa = XCConfigurationList;
			buildConfigurations = (
				0A615CD61688CAEA006B0C94 /* Debug */,
				0A615CD71688CAEA006B0C94 /* Release */,
			);
			defaultConfigurationIsVisible = 0;
			defaultConfigurationName = Release;
		};
		0A615CD81688CAEA006B0C94 /* Build configuration list for PBXNativeTarget "iDNA" */ = {
			isa = XCConfigurationList;
			buildConfigurations = (
				0A615CD91688CAEA006B0C94 /* Debug */,
				0A615CDA1688CAEA006B0C94 /* Release */,
			);
			defaultConfigurationIsVisible = 0;
			defaultConfigurationName = Release;
		};
/* End XCConfigurationList section */
	};
	rootObject = 0A615CAE1688CAEA006B0C94 /* Project object */;
}
